{
  "name": "cam-processing-preview-demo",
  "version": "1.0.0",
  "lockfileVersion": 3,
  "requires": true,
  "packages": {
    "": {
      "name": "cam-processing-preview-demo",
      "version": "1.0.0",
      "license": "ISC",
      "dependencies": {
        "@daily-co/daily-js": "file:../pluot-core/daily-js"
      },
      "devDependencies": {
        "typescript": "^5.4.2"
      }
    },
    "../pluot-core/daily-js": {
      "version": "0.61.0-internal.20",
      "license": "BSD-2-Clause",
      "dependencies": {
        "@babel/runtime": "^7.12.5",
        "@sentry/browser": "^7.60.1",
        "bowser": "^2.8.1",
        "dequal": "^2.0.3",
        "events": "^3.1.0"
      },
      "devDependencies": {
        "@babel/core": "^7.12.10",
        "@babel/plugin-proposal-class-properties": "^7.12.1",
        "@babel/plugin-transform-runtime": "^7.12.10",
        "@babel/preset-env": "^7.12.11",
        "@rollup/plugin-babel": "^6.0.3",
        "@rollup/plugin-commonjs": "^24.0.1",
        "@rollup/plugin-node-resolve": "^15.0.2",
        "@rollup/plugin-replace": "^5.0.2",
        "@rollup/plugin-terser": "^0.4.0",
        "@semantic-release/git": "^10.0.1",
        "babel-jest": "^27.4.6",
        "babel-loader": "^8.0.6",
        "babel-plugin-rewire": "^1.2.0",
        "conventional-changelog-conventionalcommits": "^5.0.0",
        "dotenv": "^16.0.3",
        "jest": "^27.4.7",
        "prettier": "^2.5.1",
        "rollup": "^3.20.2",
        "semantic-release": "^19.0.3",
        "ts-jest": "^27.1.2",
        "webpack": "^5.77.0",
        "webpack-bundle-analyzer": "^4.10.1",
        "webpack-cli": "^5.0.1",
        "webpack-dev-server": "^4.13.2"
      },
      "engines": {
        "node": ">=10.0.0"
      }
    },
    "node_modules/@daily-co/daily-js": {
      "resolved": "../pluot-core/daily-js",
      "link": true
    },
    "node_modules/typescript": {
      "version": "5.4.2",
      "resolved": "https://registry.npmjs.org/typescript/-/typescript-5.4.2.tgz",
      "integrity": "sha512-+2/g0Fds1ERlP6JsakQQDXjZdZMM+rqpamFZJEKh4kwTIn3iDkgKtby0CeNd5ATNZ4Ry1ax15TMx0W2V+miizQ==",
      "dev": true,
      "bin": {
        "tsc": "bin/tsc",
        "tsserver": "bin/tsserver"
      },
      "engines": {
        "node": ">=14.17"
      }
    }
  }
}
